# THIS IS AN AUTOGENERATED FILE. DO NOT EDIT THIS FILE DIRECTLY.
# yarn lockfile v1


cuid@^2.1.8:
  version "2.1.8"
  resolved "https://registry.yarnpkg.com/cuid/-/cuid-2.1.8.tgz#cbb88f954171e0d5747606c0139fb65c5101eac0"
  integrity sha512-xiEMER6E7TlTPnDxrM4eRiC6TRgjNX9xzEZ5U/Se2YJKr7Mq4pJn/2XEHjl3STcSh96GmkHPcBXLES8M29wyyg==

simplex-noise@^2.4.0:
  version "2.4.0"
  resolved "https://registry.yarnpkg.com/simplex-noise/-/simplex-noise-2.4.0.tgz#81b3458fb22dccc3bc8dd9a977c73797f86f523a"
  integrity sha512-OjyDWm/QZjVbMrPxDVi9b2as+SeNn9EBXlrWVRlFW+TSyWMSXouDryXkQN0vf5YP+QZKobrmkvx1eQYPLtuqfw==
